<Solution>
  <Project Path="docs/docs.csproj" />
  <Folder Name="/src/">
    <Project Path="src/Humans.Analyzers/Humans.Analyzers.csproj" />
    <Project Path="src/Humans.Interfaces/Humans.Interfaces.csproj" />
    <Project Path="src/Humans.Domain/Humans.Domain.csproj" />
    <Project Path="src/Humans.Application/Humans.Application.csproj" />
    <Project Path="src/Humans.Infrastructure/Humans.Infrastructure.csproj" />
    <Project Path="src/Humans.UI/Humans.UI.csproj" />
    <Project Path="src/Humans.Web/Humans.Web.csproj" />
  </Folder>
  <Folder Name="/src/Sections/">
    <Project Path="src/Sections/Humans.Agent/Humans.Agent.csproj" />
    <Project Path="src/Sections/Humans.Agent.Contracts/Humans.Agent.Contracts.csproj" />
    <Project Path="src/Sections/Humans.AuditLog/Humans.AuditLog.csproj" />
    <Project Path="src/Sections/Humans.AuditLog.Contracts/Humans.AuditLog.Contracts.csproj" />
    <Project Path="src/Sections/Humans.Auth/Humans.Auth.csproj" />
    <Project Path="src/Sections/Humans.Auth.Contracts/Humans.Auth.Contracts.csproj" />
    <Project Path="src/Sections/Humans.Budget/Humans.Budget.csproj" />
    <Project Path="src/Sections/Humans.Budget.Contracts/Humans.Budget.Contracts.csproj" />
    <Project Path="src/Sections/Humans.Calendar/Humans.Calendar.csproj" />
    <Project Path="src/Sections/Humans.Camps/Humans.Camps.csproj" />
    <Project Path="src/Sections/Humans.Camps.Contracts/Humans.Camps.Contracts.csproj" />
    <Project Path="src/Sections/Humans.Campaigns/Humans.Campaigns.csproj" />
    <Project Path="src/Sections/Humans.Campaigns.Contracts/Humans.Campaigns.Contracts.csproj" />
    <Project Path="src/Sections/Humans.Cantina/Humans.Cantina.csproj" />
    <Project Path="src/Sections/Humans.CityPlanning/Humans.CityPlanning.csproj" />
    <Project Path="src/Sections/Humans.CityPlanning.Contracts/Humans.CityPlanning.Contracts.csproj" />
    <Project Path="src/Sections/Humans.Containers/Humans.Containers.csproj" />
    <Project Path="src/Sections/Humans.Consent/Humans.Consent.csproj" />
    <Project Path="src/Sections/Humans.Onboarding/Humans.Onboarding.csproj" />
    <Project Path="src/Sections/Humans.Onboarding.Contracts/Humans.Onboarding.Contracts.csproj" />
    <Project Path="src/Sections/Humans.Consent.Contracts/Humans.Consent.Contracts.csproj" />
    <Project Path="src/Sections/Humans.Debug/Humans.Debug.csproj" />
    <Project Path="src/Sections/Humans.Development/Humans.Development.csproj" />
    <Project Path="src/Sections/Humans.Email/Humans.Email.csproj" />
    <Project Path="src/Sections/Humans.Email.Contracts/Humans.Email.Contracts.csproj" />
    <Project Path="src/Sections/Humans.GoogleIntegration.Contracts/Humans.GoogleIntegration.Contracts.csproj" />
    <Project Path="src/Sections/Humans.Events/Humans.Events.csproj" />
    <Project Path="src/Sections/Humans.Events.Contracts/Humans.Events.Contracts.csproj" />
    <Project Path="src/Sections/Humans.Expenses/Humans.Expenses.csproj" />
    <Project Path="src/Sections/Humans.Expenses.Contracts/Humans.Expenses.Contracts.csproj" />
    <Project Path="src/Sections/Humans.Feedback/Humans.Feedback.csproj" />
    <Project Path="src/Sections/Humans.Finance/Humans.Finance.csproj" />
    <Project Path="src/Sections/Humans.Finance.Contracts/Humans.Finance.Contracts.csproj" />
    <Project Path="src/Sections/Humans.Gate/Humans.Gate.csproj" />
    <Project Path="src/Sections/Humans.Gate.Contracts/Humans.Gate.Contracts.csproj" />
    <Project Path="src/Sections/Humans.Gdpr/Humans.Gdpr.csproj" />
    <Project Path="src/Sections/Humans.Gdpr.Contracts/Humans.Gdpr.Contracts.csproj" />
    <Project Path="src/Sections/Humans.Governance/Humans.Governance.csproj" />
    <Project Path="src/Sections/Humans.Governance.Contracts/Humans.Governance.Contracts.csproj" />
    <Project Path="src/Sections/Humans.Guide/Humans.Guide.csproj" />
    <Project Path="src/Sections/Humans.Holded/Humans.Holded.csproj" />
    <Project Path="src/Sections/Humans.Holded.Contracts/Humans.Holded.Contracts.csproj" />
    <Project Path="src/Sections/Humans.Issues/Humans.Issues.csproj" />
    <Project Path="src/Sections/Humans.Issues.Contracts/Humans.Issues.Contracts.csproj" />
    <Project Path="src/Sections/Humans.Mailer/Humans.Mailer.csproj" />
    <Project Path="src/Sections/Humans.Mailer.Contracts/Humans.Mailer.Contracts.csproj" />
    <Project Path="src/Sections/Humans.Monitor/Humans.Monitor.csproj" />
    <Project Path="src/Sections/Humans.Monitor.Contracts/Humans.Monitor.Contracts.csproj" />
    <Project Path="src/Sections/Humans.Notifications/Humans.Notifications.csproj" />
    <Project Path="src/Sections/Humans.Notifications.Contracts/Humans.Notifications.Contracts.csproj" />
    <Project Path="src/Sections/Humans.Scanner/Humans.Scanner.csproj" />
    <Project Path="src/Sections/Humans.Search/Humans.Search.csproj" />
    <Project Path="src/Sections/Humans.Shifts.Contracts/Humans.Shifts.Contracts.csproj" />
    <Project Path="src/Sections/Humans.Store/Humans.Store.csproj" />
    <Project Path="src/Sections/Humans.Surveys/Humans.Surveys.csproj" />
    <Project Path="src/Sections/Humans.Surveys.Contracts/Humans.Surveys.Contracts.csproj" />
    <Project Path="src/Sections/Humans.SystemSettings/Humans.SystemSettings.csproj" />
    <Project Path="src/Sections/Humans.SystemSettings.Contracts/Humans.SystemSettings.Contracts.csproj" />
    <Project Path="src/Sections/Humans.TicketTailor/Humans.TicketTailor.csproj" />
    <Project Path="src/Sections/Humans.Tickets/Humans.Tickets.csproj" />
    <Project Path="src/Sections/Humans.Tickets.Contracts/Humans.Tickets.Contracts.csproj" />
    <Project Path="src/Sections/Humans.Shifts/Humans.Shifts.csproj" />
    <Project Path="src/Sections/Humans.Teams/Humans.Teams.csproj" />
    <Project Path="src/Sections/Humans.Teams.Contracts/Humans.Teams.Contracts.csproj" />
    <Project Path="src/Sections/Humans.Tour/Humans.Tour.csproj" />
  </Folder>
  <Folder Name="/tests/">
    <File Path="tests/Directory.Build.props" />
    <Project Path="tests/Humans.Domain.Tests/Humans.Domain.Tests.csproj" />
    <Project Path="tests/Humans.Analyzers.Tests/Humans.Analyzers.Tests.csproj" />
    <Project Path="tests/Humans.Application.Tests/Humans.Application.Tests.csproj" />
    <Project Path="tests/Humans.AuditLog.Tests/Humans.AuditLog.Tests.csproj" />
    <Project Path="tests/Humans.Integration.Tests/Humans.Integration.Tests.csproj" />
    <Project Path="tests/Humans.Agent.Tests/Humans.Agent.Tests.csproj" />
    <Project Path="tests/Humans.Auth.Tests/Humans.Auth.Tests.csproj" />
    <Project Path="tests/Humans.Budget.Tests/Humans.Budget.Tests.csproj" />
    <Project Path="tests/Humans.Calendar.Tests/Humans.Calendar.Tests.csproj" />
    <Project Path="tests/Humans.Campaigns.Tests/Humans.Campaigns.Tests.csproj" />
    <Project Path="tests/Humans.Cantina.Tests/Humans.Cantina.Tests.csproj" />
    <Project Path="tests/Humans.Camps.Tests/Humans.Camps.Tests.csproj" />
    <Project Path="tests/Humans.CityPlanning.Tests/Humans.CityPlanning.Tests.csproj" />
    <Project Path="tests/Humans.Containers.Tests/Humans.Containers.Tests.csproj" />
    <Project Path="tests/Humans.Consent.Tests/Humans.Consent.Tests.csproj" />
    <Project Path="tests/Humans.Onboarding.Tests/Humans.Onboarding.Tests.csproj" />
    <Project Path="tests/Humans.Debug.Tests/Humans.Debug.Tests.csproj" />
    <Project Path="tests/Humans.Development.Tests/Humans.Development.Tests.csproj" />
    <Project Path="tests/Humans.Email.Tests/Humans.Email.Tests.csproj" />
    <Project Path="tests/Humans.Events.Tests/Humans.Events.Tests.csproj" />
    <Project Path="tests/Humans.Expenses.Tests/Humans.Expenses.Tests.csproj" />
    <Project Path="tests/Humans.Feedback.Tests/Humans.Feedback.Tests.csproj" />
    <Project Path="tests/Humans.Finance.Tests/Humans.Finance.Tests.csproj" />
    <Project Path="tests/Humans.Gate.Tests/Humans.Gate.Tests.csproj" />
    <Project Path="tests/Humans.Gdpr.Tests/Humans.Gdpr.Tests.csproj" />
    <Project Path="tests/Humans.Governance.Tests/Humans.Governance.Tests.csproj" />
    <Project Path="tests/Humans.Guide.Tests/Humans.Guide.Tests.csproj" />
    <Project Path="tests/Humans.Holded.Tests/Humans.Holded.Tests.csproj" />
    <Project Path="tests/Humans.Issues.Tests/Humans.Issues.Tests.csproj" />
    <Project Path="tests/Humans.Mailer.Tests/Humans.Mailer.Tests.csproj" />
    <Project Path="tests/Humans.Monitor.Tests/Humans.Monitor.Tests.csproj" />
    <Project Path="tests/Humans.Notifications.Tests/Humans.Notifications.Tests.csproj" />
    <Project Path="tests/Humans.Scanner.Tests/Humans.Scanner.Tests.csproj" />
    <Project Path="tests/Humans.Search.Tests/Humans.Search.Tests.csproj" />
    <Project Path="tests/Humans.Store.Tests/Humans.Store.Tests.csproj" />
    <Project Path="tests/Humans.Surveys.Tests/Humans.Surveys.Tests.csproj" />
    <Project Path="tests/Humans.Shifts.Tests/Humans.Shifts.Tests.csproj" />
    <Project Path="tests/Humans.Teams.Tests/Humans.Teams.Tests.csproj" />
    <Project Path="tests/Humans.TicketTailor.Tests/Humans.TicketTailor.Tests.csproj" />
    <Project Path="tests/Humans.Tickets.Tests/Humans.Tickets.Tests.csproj" />
    <Project Path="tests/Humans.SystemSettings.Tests/Humans.SystemSettings.Tests.csproj" />
    <Project Path="tests/Humans.Web.Tests/Humans.Web.Tests.csproj" />
  </Folder>
  <Folder Name="/build/">
    <File Path="Directory.Build.props" />
    <File Path="Directory.Packages.props" />
    <File Path=".editorconfig" />
    <File Path="docker-compose.yml" />
    <File Path="Dockerfile" />
    <File Path="global.json" />
  </Folder>
</Solution>
